<?xml version="1.0" encoding="utf-8"?>
<Project ToolsVersion="4.0" xmlns="http://schemas.microsoft.com/developer/msbuild/2003">
  <ItemGroup>
    <ClCompile Include="GroupedString.cpp">
      <Filter>Source Files</Filter>
    </ClCompile>
    <ClCompile Include="RTSSProfileInterface.cpp">
      <Filter>Source Files</Filter>
    </ClCompile>
    <ClCompile Include="SysLat_Software.cpp">
      <Filter>Source Files</Filter>
    </ClCompile>
    <ClCompile Include="SysLat_SoftwareDlg.cpp">
      <Filter>Source Files</Filter>
    </ClCompile>
    <ClCompile Include="StdAfx.cpp">
      <Filter>Source Files</Filter>
    </ClCompile>
    <ClCompile Include="USBController.cpp">
      <Filter>Source Files</Filter>
    </ClCompile>
    <ClCompile Include="RTSSClient.cpp">
      <Filter>Source Files</Filter>
    </ClCompile>
    <ClCompile Include="SysLatData.cpp">
      <Filter>Source Files</Filter>
    </ClCompile>
    <ClCompile Include="HTTP_Client_Async.cpp">
      <Filter>Source Files</Filter>
    </ClCompile>
    <ClCompile Include="HTTP_Client_Async_SSL.cpp">
      <Filter>Source Files</Filter>
    </ClCompile>
    <ClCompile Include="MachineInfo.cpp">
      <Filter>Source Files</Filter>
    </ClCompile>
    <ClCompile Include="PreferencesDlg.cpp">
      <Filter>Source Files</Filter>
    </ClCompile>
    <ClCompile Include="HardwareID.cpp">
      <Filter>Source Files</Filter>
    </ClCompile>
    <ClCompile Include="TestCtrl.cpp">
      <Filter>Source Files</Filter>
    </ClCompile>
    <ClCompile Include="SysLatPreferences.cpp">
      <Filter>Source Files</Filter>
    </ClCompile>
  </ItemGroup>
  <ItemGroup>
    <ClInclude Include="GroupedString.h">
      <Filter>Header Files</Filter>
    </ClInclude>
    <ClInclude Include="Resource.h">
      <Filter>Header Files</Filter>
    </ClInclude>
    <ClInclude Include="SysLat_Software.h">
      <Filter>Header Files</Filter>
    </ClInclude>
    <ClInclude Include="RTSSProfileInterface.h">
      <Filter>Header Files</Filter>
    </ClInclude>
    <ClInclude Include="SysLat_SoftwareDlg.h">
      <Filter>Header Files</Filter>
    </ClInclude>
    <ClInclude Include="StdAfx.h">
      <Filter>Header Files</Filter>
    </ClInclude>
    <ClInclude Include="USBController.h">
      <Filter>Header Files</Filter>
    </ClInclude>
    <ClInclude Include="RTSSClient.h">
      <Filter>Header Files</Filter>
    </ClInclude>
    <ClInclude Include="SysLatData.h">
      <Filter>Header Files</Filter>
    </ClInclude>
    <ClInclude Include="HTTP_Client_Async.h">
      <Filter>Header Files</Filter>
    </ClInclude>
    <ClInclude Include="HTTP_Client_Async_SSL.h">
      <Filter>Header Files</Filter>
    </ClInclude>
    <ClInclude Include="AboutDlg.h">
      <Filter>Header Files</Filter>
    </ClInclude>
    <ClInclude Include="HardwareID.h">
      <Filter>Header Files</Filter>
    </ClInclude>
    <ClInclude Include="MachineInfo.h">
      <Filter>Header Files</Filter>
    </ClInclude>
    <ClInclude Include="PreferencesDlg.h">
      <Filter>Header Files</Filter>
    </ClInclude>
    <ClInclude Include="TestCtrl.h">
      <Filter>Header Files</Filter>
    </ClInclude>
    <ClInclude Include="SysLatPreferences.h">
      <Filter>Header Files</Filter>
    </ClInclude>
  </ItemGroup>
  <ItemGroup>
    <Filter Include="Header Files">
      <UniqueIdentifier>{7a0c5fbe-57f5-4278-b938-1f861e6b298b}</UniqueIdentifier>
    </Filter>
    <Filter Include="Source Files">
      <UniqueIdentifier>{23860bcf-b1b1-48f8-a6ec-bdb2dd562d0a}</UniqueIdentifier>
    </Filter>
    <Filter Include="Resource Files">
      <UniqueIdentifier>{c3a58c0e-bcea-4e2c-a542-9323979de96a}</UniqueIdentifier>
    </Filter>
  </ItemGroup>
  <ItemGroup>
    <Image Include="res\GRArialBlack.ico">
      <Filter>Resource Files</Filter>
    </Image>
  </ItemGroup>
  <ItemGroup>
    <ResourceCompile Include="SysLat_Software.rc">
      <Filter>Resource Files</Filter>
    </ResourceCompile>
  </ItemGroup>
</Project>